// !$*UTF8*$!
{
	archiveVersion = 1;
	classes = {
	};
	objectVersion = 50;
	objects = {

/* Begin PBXBuildFile section */
		82FDD4652946E3E80020F8F0 /* VoiceOverUtilityApp.swift in Sources */ = {isa = PBXBuildFile; fileRef = 82FDD4642946E3E80020F8F0 /* VoiceOverUtilityApp.swift */; };
		82FDD4672946E3E80020F8F0 /* ContentView.swift in Sources */ = {isa = PBXBuildFile; fileRef = 82FDD4662946E3E80020F8F0 /* ContentView.swift */; };
		82FDD4692946E3E90020F8F0 /* Assets.xcassets in Resources */ = {isa = PBXBuildFile; fileRef = 82FDD4682946E3E90020F8F0 /* Assets.xcassets */; };
		82FDD46C2946E3E90020F8F0 /* Preview Assets.xcassets in Resources */ = {isa = PBXBuildFile; fileRef = 82FDD46B2946E3E90020F8F0 /* Preview Assets.xcassets */; };
		82FDD4782946E3E90020F8F0 /* VoiceOverUtilityTests.swift in Sources */ = {isa = PBXBuildFile; fileRef = 82FDD4772946E3E90020F8F0 /* VoiceOverUtilityTests.swift */; };
		82FDD4832946E3E90020F8F0 /* VoiceOverUtilityUITests.swift in Sources */ = {isa = PBXBuildFile; fileRef = 82FDD4822946E3E90020F8F0 /* VoiceOverUtilityUITests.swift */; };
		82FDD4912946E4E80020F8F0 /* MenuBar.swift in Sources */ = {isa = PBXBuildFile; fileRef = 82FDD4902946E4E80020F8F0 /* MenuBar.swift */; };
		82FDD4932946E5050020F8F0 /* ViewVariablePage.swift in Sources */ = {isa = PBXBuildFile; fileRef = 82FDD4922946E5050020F8F0 /* ViewVariablePage.swift */; };
		82FDD4952946E5470020F8F0 /* XCTestSetup.swift in Sources */ = {isa = PBXBuildFile; fileRef = 82FDD4942946E5470020F8F0 /* XCTestSetup.swift */; };
		82FDD4972946F60D0020F8F0 /* MainWindow.swift in Sources */ = {isa = PBXBuildFile; fileRef = 82FDD4962946F60D0020F8F0 /* MainWindow.swift */; };
		82FDD4992947004C0020F8F0 /* HelperFunctions.swift in Sources */ = {isa = PBXBuildFile; fileRef = 82FDD4982947004C0020F8F0 /* HelperFunctions.swift */; };
/* End PBXBuildFile section */

/* Begin PBXContainerItemProxy section */
		82FDD4742946E3E90020F8F0 /* PBXContainerItemProxy */ = {
			isa = PBXContainerItemProxy;
			containerPortal = 82FDD4592946E3E80020F8F0 /* Project object */;
			proxyType = 1;
			remoteGlobalIDString = 82FDD4602946E3E80020F8F0;
			remoteInfo = VoiceOverUtility;
		};
		82FDD47F2946E3E90020F8F0 /* PBXContainerItemProxy */ = {
			isa = PBXContainerItemProxy;
			containerPortal = 82FDD4592946E3E80020F8F0 /* Project object */;
			proxyType = 1;
			remoteGlobalIDString = 82FDD4602946E3E80020F8F0;
			remoteInfo = VoiceOverUtility;
		};
/* End PBXContainerItemProxy section */

/* Begin PBXFileReference section */
		82FDD4612946E3E80020F8F0 /* VoiceOverUtility.app */ = {isa = PBXFileReference; explicitFileType = wrapper.application; includeInIndex = 0; path = VoiceOverUtility.app; sourceTree = BUILT_PRODUCTS_DIR; };
		82FDD4642946E3E80020F8F0 /* VoiceOverUtilityApp.swift */ = {isa = PBXFileReference; lastKnownFileType = sourcecode.swift; path = VoiceOverUtilityApp.swift; sourceTree = "<group>"; };
		82FDD4662946E3E80020F8F0 /* ContentView.swift */ = {isa = PBXFileReference; lastKnownFileType = sourcecode.swift; path = ContentView.swift; sourceTree = "<group>"; };
		82FDD4682946E3E90020F8F0 /* Assets.xcassets */ = {isa = PBXFileReference; lastKnownFileType = folder.assetcatalog; path = Assets.xcassets; sourceTree = "<group>"; };
		82FDD46B2946E3E90020F8F0 /* Preview Assets.xcassets */ = {isa = PBXFileReference; lastKnownFileType = folder.assetcatalog; path = "Preview Assets.xcassets"; sourceTree = "<group>"; };
		82FDD46D2946E3E90020F8F0 /* Info.plist */ = {isa = PBXFileReference; lastKnownFileType = text.plist.xml; path = Info.plist; sourceTree = "<group>"; };
		82FDD46E2946E3E90020F8F0 /* VoiceOverUtility.entitlements */ = {isa = PBXFileReference; lastKnownFileType = text.plist.entitlements; path = VoiceOverUtility.entitlements; sourceTree = "<group>"; };
		82FDD4732946E3E90020F8F0 /* VoiceOverUtilityTests.xctest */ = {isa = PBXFileReference; explicitFileType = wrapper.cfbundle; includeInIndex = 0; path = VoiceOverUtilityTests.xctest; sourceTree = BUILT_PRODUCTS_DIR; };
		82FDD4772946E3E90020F8F0 /* VoiceOverUtilityTests.swift */ = {isa = PBXFileReference; lastKnownFileType = sourcecode.swift; path = VoiceOverUtilityTests.swift; sourceTree = "<group>"; };
		82FDD4792946E3E90020F8F0 /* Info.plist */ = {isa = PBXFileReference; lastKnownFileType = text.plist.xml; path = Info.plist; sourceTree = "<group>"; };
		82FDD47E2946E3E90020F8F0 /* VoiceOverUtilityUITests.xctest */ = {isa = PBXFileReference; explicitFileType = wrapper.cfbundle; includeInIndex = 0; path = VoiceOverUtilityUITests.xctest; sourceTree = BUILT_PRODUCTS_DIR; };
		82FDD4822946E3E90020F8F0 /* VoiceOverUtilityUITests.swift */ = {isa = PBXFileReference; lastKnownFileType = sourcecode.swift; path = VoiceOverUtilityUITests.swift; sourceTree = "<group>"; };
		82FDD4842946E3E90020F8F0 /* Info.plist */ = {isa = PBXFileReference; lastKnownFileType = text.plist.xml; path = Info.plist; sourceTree = "<group>"; };
		82FDD4902946E4E80020F8F0 /* MenuBar.swift */ = {isa = PBXFileReference; fileEncoding = 4; lastKnownFileType = sourcecode.swift; path = MenuBar.swift; sourceTree = "<group>"; };
		82FDD4922946E5050020F8F0 /* ViewVariablePage.swift */ = {isa = PBXFileReference; fileEncoding = 4; lastKnownFileType = sourcecode.swift; path = ViewVariablePage.swift; sourceTree = "<group>"; };
		82FDD4942946E5470020F8F0 /* XCTestSetup.swift */ = {isa = PBXFileReference; fileEncoding = 4; lastKnownFileType = sourcecode.swift; path = XCTestSetup.swift; sourceTree = "<group>"; };
		82FDD4962946F60D0020F8F0 /* MainWindow.swift */ = {isa = PBXFileReference; lastKnownFileType = sourcecode.swift; path = MainWindow.swift; sourceTree = "<group>"; };
		82FDD4982947004C0020F8F0 /* HelperFunctions.swift */ = {isa = PBXFileReference; lastKnownFileType = sourcecode.swift; path = HelperFunctions.swift; sourceTree = "<group>"; };
/* End PBXFileReference section */

/* Begin PBXFrameworksBuildPhase section */
		82FDD45E2946E3E80020F8F0 /* Frameworks */ = {
			isa = PBXFrameworksBuildPhase;
			buildActionMask = 2147483647;
			files = (
			);
			runOnlyForDeploymentPostprocessing = 0;
		};
		82FDD4702946E3E90020F8F0 /* Frameworks */ = {
			isa = PBXFrameworksBuildPhase;
			buildActionMask = 2147483647;
			files = (
			);
			runOnlyForDeploymentPostprocessing = 0;
		};
		82FDD47B2946E3E90020F8F0 /* Frameworks */ = {
			isa = PBXFrameworksBuildPhase;
			buildActionMask = 2147483647;
			files = (
			);
			runOnlyForDeploymentPostprocessing = 0;
		};
/* End PBXFrameworksBuildPhase section */

/* Begin PBXGroup section */
		82FDD4582946E3E80020F8F0 = {
			isa = PBXGroup;
			children = (
				82FDD4632946E3E80020F8F0 /* VoiceOverUtility */,
				82FDD4762946E3E90020F8F0 /* VoiceOverUtilityTests */,
				82FDD4812946E3E90020F8F0 /* VoiceOverUtilityUITests */,
				82FDD4622946E3E80020F8F0 /* Products */,
			);
			sourceTree = "<group>";
		};
		82FDD4622946E3E80020F8F0 /* Products */ = {
			isa = PBXGroup;
			children = (
				82FDD4612946E3E80020F8F0 /* VoiceOverUtility.app */,
				82FDD4732946E3E90020F8F0 /* VoiceOverUtilityTests.xctest */,
				82FDD47E2946E3E90020F8F0 /* VoiceOverUtilityUITests.xctest */,
			);
			name = Products;
			sourceTree = "<group>";
		};
		82FDD4632946E3E80020F8F0 /* VoiceOverUtility */ = {
			isa = PBXGroup;
			children = (
				82FDD4642946E3E80020F8F0 /* VoiceOverUtilityApp.swift */,
				82FDD4662946E3E80020F8F0 /* ContentView.swift */,
				82FDD4682946E3E90020F8F0 /* Assets.xcassets */,
				82FDD46D2946E3E90020F8F0 /* Info.plist */,
				82FDD46E2946E3E90020F8F0 /* VoiceOverUtility.entitlements */,
				82FDD46A2946E3E90020F8F0 /* Preview Content */,
			);
			path = VoiceOverUtility;
			sourceTree = "<group>";
		};
		82FDD46A2946E3E90020F8F0 /* Preview Content */ = {
			isa = PBXGroup;
			children = (
				82FDD46B2946E3E90020F8F0 /* Preview Assets.xcassets */,
			);
			path = "Preview Content";
			sourceTree = "<group>";
		};
		82FDD4762946E3E90020F8F0 /* VoiceOverUtilityTests */ = {
			isa = PBXGroup;
			children = (
				82FDD4772946E3E90020F8F0 /* VoiceOverUtilityTests.swift */,
				82FDD4792946E3E90020F8F0 /* Info.plist */,
			);
			path = VoiceOverUtilityTests;
			sourceTree = "<group>";
		};
		82FDD4812946E3E90020F8F0 /* VoiceOverUtilityUITests */ = {
			isa = PBXGroup;
			children = (
				82FDD4822946E3E90020F8F0 /* VoiceOverUtilityUITests.swift */,
				82FDD4902946E4E80020F8F0 /* MenuBar.swift */,
				82FDD4962946F60D0020F8F0 /* MainWindow.swift */,
				82FDD4982947004C0020F8F0 /* HelperFunctions.swift */,
				82FDD4922946E5050020F8F0 /* ViewVariablePage.swift */,
				82FDD4942946E5470020F8F0 /* XCTestSetup.swift */,
				82FDD4842946E3E90020F8F0 /* Info.plist */,
			);
			path = VoiceOverUtilityUITests;
			sourceTree = "<group>";
		};
/* End PBXGroup section */

/* Begin PBXNativeTarget section */
		82FDD4602946E3E80020F8F0 /* VoiceOverUtility */ = {
			isa = PBXNativeTarget;
			buildConfigurationList = 82FDD4872946E3E90020F8F0 /* Build configuration list for PBXNativeTarget "VoiceOverUtility" */;
			buildPhases = (
				82FDD45D2946E3E80020F8F0 /* Sources */,
				82FDD45E2946E3E80020F8F0 /* Frameworks */,
				82FDD45F2946E3E80020F8F0 /* Resources */,
			);
			buildRules = (
			);
			dependencies = (
			);
			name = VoiceOverUtility;
			productName = VoiceOverUtility;
			productReference = 82FDD4612946E3E80020F8F0 /* VoiceOverUtility.app */;
			productType = "com.apple.product-type.application";
		};
		82FDD4722946E3E90020F8F0 /* VoiceOverUtilityTests */ = {
			isa = PBXNativeTarget;
			buildConfigurationList = 82FDD48A2946E3E90020F8F0 /* Build configuration list for PBXNativeTarget "VoiceOverUtilityTests" */;
			buildPhases = (
				82FDD46F2946E3E90020F8F0 /* Sources */,
				82FDD4702946E3E90020F8F0 /* Frameworks */,
				82FDD4712946E3E90020F8F0 /* Resources */,
			);
			buildRules = (
			);
			dependencies = (
				82FDD4752946E3E90020F8F0 /* PBXTargetDependency */,
			);
			name = VoiceOverUtilityTests;
			productName = VoiceOverUtilityTests;
			productReference = 82FDD4732946E3E90020F8F0 /* VoiceOverUtilityTests.xctest */;
			productType = "com.apple.product-type.bundle.unit-test";
		};
		82FDD47D2946E3E90020F8F0 /* VoiceOverUtilityUITests */ = {
			isa = PBXNativeTarget;
			buildConfigurationList = 82FDD48D2946E3E90020F8F0 /* Build configuration list for PBXNativeTarget "VoiceOverUtilityUITests" */;
			buildPhases = (
				82FDD47A2946E3E90020F8F0 /* Sources */,
				82FDD47B2946E3E90020F8F0 /* Frameworks */,
				82FDD47C2946E3E90020F8F0 /* Resources */,
			);
			buildRules = (
			);
			dependencies = (
				82FDD4802946E3E90020F8F0 /* PBXTargetDependency */,
			);
			name = VoiceOverUtilityUITests;
			productName = VoiceOverUtilityUITests;
			productReference = 82FDD47E2946E3E90020F8F0 /* VoiceOverUtilityUITests.xctest */;
			productType = "com.apple.product-type.bundle.ui-testing";
		};
/* End PBXNativeTarget section */

/* Begin PBXProject section */
		82FDD4592946E3E80020F8F0 /* Project object */ = {
			isa = PBXProject;
			attributes = {
				LastSwiftUpdateCheck = 1250;
				LastUpgradeCheck = 1250;
				TargetAttributes = {
					82FDD4602946E3E80020F8F0 = {
						CreatedOnToolsVersion = 12.5.1;
					};
					82FDD4722946E3E90020F8F0 = {
						CreatedOnToolsVersion = 12.5.1;
						TestTargetID = 82FDD4602946E3E80020F8F0;
					};
					82FDD47D2946E3E90020F8F0 = {
						CreatedOnToolsVersion = 12.5.1;
						TestTargetID = 82FDD4602946E3E80020F8F0;
					};
				};
			};
			buildConfigurationList = 82FDD45C2946E3E80020F8F0 /* Build configuration list for PBXProject "VoiceOverUtility" */;
			compatibilityVersion = "Xcode 9.3";
			developmentRegion = en;
			hasScannedForEncodings = 0;
			knownRegions = (
				en,
				Base,
			);
			mainGroup = 82FDD4582946E3E80020F8F0;
			productRefGroup = 82FDD4622946E3E80020F8F0 /* Products */;
			projectDirPath = "";
			projectRoot = "";
			targets = (
				82FDD4602946E3E80020F8F0 /* VoiceOverUtility */,
				82FDD4722946E3E90020F8F0 /* VoiceOverUtilityTests */,
				82FDD47D2946E3E90020F8F0 /* VoiceOverUtilityUITests */,
			);
		};
/* End PBXProject section */

/* Begin PBXResourcesBuildPhase section */
		82FDD45F2946E3E80020F8F0 /* Resources */ = {
			isa = PBXResourcesBuildPhase;
			buildActionMask = 2147483647;
			files = (
				82FDD46C2946E3E90020F8F0 /* Preview Assets.xcassets in Resources */,
				82FDD4692946E3E90020F8F0 /* Assets.xcassets in Resources */,
			);
			runOnlyForDeploymentPostprocessing = 0;
		};
		82FDD4712946E3E90020F8F0 /* Resources */ = {
			isa = PBXResourcesBuildPhase;
			buildActionMask = 2147483647;
			files = (
			);
			runOnlyForDeploymentPostprocessing = 0;
		};
		82FDD47C2946E3E90020F8F0 /* Resources */ = {
			isa = PBXResourcesBuildPhase;
			buildActionMask = 2147483647;
			files = (
			);
			runOnlyForDeploymentPostprocessing = 0;
		};
/* End PBXResourcesBuildPhase section */

/* Begin PBXSourcesBuildPhase section */
		82FDD45D2946E3E80020F8F0 /* Sources */ = {
			isa = PBXSourcesBuildPhase;
			buildActionMask = 2147483647;
			files = (
				82FDD4672946E3E80020F8F0 /* ContentView.swift in Sources */,
				82FDD4652946E3E80020F8F0 /* VoiceOverUtilityApp.swift in Sources */,
			);
			runOnlyForDeploymentPostprocessing = 0;
		};
		82FDD46F2946E3E90020F8F0 /* Sources */ = {
			isa = PBXSourcesBuildPhase;
			buildActionMask = 2147483647;
			files = (
				82FDD4782946E3E90020F8F0 /* VoiceOverUtilityTests.swift in Sources */,
			);
			runOnlyForDeploymentPostprocessing = 0;
		};
		82FDD47A2946E3E90020F8F0 /* Sources */ = {
			isa = PBXSourcesBuildPhase;
			buildActionMask = 2147483647;
			files = (
				82FDD4952946E5470020F8F0 /* XCTestSetup.swift in Sources */,
				82FDD4912946E4E80020F8F0 /* MenuBar.swift in Sources */,
				82FDD4972946F60D0020F8F0 /* MainWindow.swift in Sources */,
				82FDD4832946E3E90020F8F0 /* VoiceOverUtilityUITests.swift in Sources */,
				82FDD4932946E5050020F8F0 /* ViewVariablePage.swift in Sources */,
				82FDD4992947004C0020F8F0 /* HelperFunctions.swift in Sources */,
			);
			runOnlyForDeploymentPostprocessing = 0;
		};
/* End PBXSourcesBuildPhase section */

/* Begin PBXTargetDependency section */
		82FDD4752946E3E90020F8F0 /* PBXTargetDependency */ = {
			isa = PBXTargetDependency;
			target = 82FDD4602946E3E80020F8F0 /* VoiceOverUtility */;
			targetProxy = 82FDD4742946E3E90020F8F0 /* PBXContainerItemProxy */;
		};
		82FDD4802946E3E90020F8F0 /* PBXTargetDependency */ = {
			isa = PBXTargetDependency;
			target = 82FDD4602946E3E80020F8F0 /* VoiceOverUtility */;
			targetProxy = 82FDD47F2946E3E90020F8F0 /* PBXContainerItemProxy */;
		};
/* End PBXTargetDependency section */

/* Begin XCBuildConfiguration section */
		82FDD4852946E3E90020F8F0 /* Debug */ = {
			isa = XCBuildConfiguration;
			buildSettings = {
				ALWAYS_SEARCH_USER_PATHS = NO;
				CLANG_ANALYZER_NONNULL = YES;
				CLANG_ANALYZER_NUMBER_OBJECT_CONVERSION = YES_AGGRESSIVE;
				CLANG_CXX_LANGUAGE_STANDARD = "gnu++14";
				CLANG_CXX_LIBRARY = "libc++";
				CLANG_ENABLE_MODULES = YES;
				CLANG_ENABLE_OBJC_ARC = YES;
				CLANG_ENABLE_OBJC_WEAK = YES;
				CLANG_WARN_BLOCK_CAPTURE_AUTORELEASING = YES;
				CLANG_WARN_BOOL_CONVERSION = YES;
				CLANG_WARN_COMMA = YES;
				CLANG_WARN_CONSTANT_CONVERSION = YES;
				CLANG_WARN_DEPRECATED_OBJC_IMPLEMENTATIONS = YES;
				CLANG_WARN_DIRECT_OBJC_ISA_USAGE = YES_ERROR;
				CLANG_WARN_DOCUMENTATION_COMMENTS = YES;
				CLANG_WARN_EMPTY_BODY = YES;
				CLANG_WARN_ENUM_CONVERSION = YES;
				CLANG_WARN_INFINITE_RECURSION = YES;
				CLANG_WARN_INT_CONVERSION = YES;
				CLANG_WARN_NON_LITERAL_NULL_CONVERSION = YES;
				CLANG_WARN_OBJC_IMPLICIT_RETAIN_SELF = YES;
				CLANG_WARN_OBJC_LITERAL_CONVERSION = YES;
				CLANG_WARN_OBJC_ROOT_CLASS = YES_ERROR;
				CLANG_WARN_QUOTED_INCLUDE_IN_FRAMEWORK_HEADER = YES;
				CLANG_WARN_RANGE_LOOP_ANALYSIS = YES;
				CLANG_WARN_STRICT_PROTOTYPES = YES;
				CLANG_WARN_SUSPICIOUS_MOVE = YES;
				CLANG_WARN_UNGUARDED_AVAILABILITY = YES_AGGRESSIVE;
				CLANG_WARN_UNREACHABLE_CODE = YES;
				CLANG_WARN__DUPLICATE_METHOD_MATCH = YES;
				COPY_PHASE_STRIP = NO;
				DEBUG_INFORMATION_FORMAT = dwarf;
				ENABLE_STRICT_OBJC_MSGSEND = YES;
				ENABLE_TESTABILITY = YES;
				GCC_C_LANGUAGE_STANDARD = gnu11;
				GCC_DYNAMIC_NO_PIC = NO;
				GCC_NO_COMMON_BLOCKS = YES;
				GCC_OPTIMIZATION_LEVEL = 0;
				GCC_PREPROCESSOR_DEFINITIONS = (
					"DEBUG=1",
					"$(inherited)",
				);
				GCC_WARN_64_TO_32_BIT_CONVERSION = YES;
				GCC_WARN_ABOUT_RETURN_TYPE = YES_ERROR;
				GCC_WARN_UNDECLARED_SELECTOR = YES;
				GCC_WARN_UNINITIALIZED_AUTOS = YES_AGGRESSIVE;
				GCC_WARN_UNUSED_FUNCTION = YES;
				GCC_WARN_UNUSED_VARIABLE = YES;
				MACOSX_DEPLOYMENT_TARGET = 11.3;
				MTL_ENABLE_DEBUG_INFO = INCLUDE_SOURCE;
				MTL_FAST_MATH = YES;
				ONLY_ACTIVE_ARCH = YES;
				SDKROOT = macosx;
				SWIFT_ACTIVE_COMPILATION_CONDITIONS = DEBUG;
				SWIFT_OPTIMIZATION_LEVEL = "-Onone";
			};
			name = Debug;
		};
		82FDD4862946E3E90020F8F0 /* Release */ = {
			isa = XCBuildConfiguration;
			buildSettings = {
				ALWAYS_SEARCH_USER_PATHS = NO;
				CLANG_ANALYZER_NONNULL = YES;
				CLANG_ANALYZER_NUMBER_OBJECT_CONVERSION = YES_AGGRESSIVE;
				CLANG_CXX_LANGUAGE_STANDARD = "gnu++14";
				CLANG_CXX_LIBRARY = "libc++";
				CLANG_ENABLE_MODULES = YES;
				CLANG_ENABLE_OBJC_ARC = YES;
				CLANG_ENABLE_OBJC_WEAK = YES;
				CLANG_WARN_BLOCK_CAPTURE_AUTORELEASING = YES;
				CLANG_WARN_BOOL_CONVERSION = YES;
				CLANG_WARN_COMMA = YES;
				CLANG_WARN_CONSTANT_CONVERSION = YES;
				CLANG_WARN_DEPRECATED_OBJC_IMPLEMENTATIONS = YES;
				CLANG_WARN_DIRECT_OBJC_ISA_USAGE = YES_ERROR;
				CLANG_WARN_DOCUMENTATION_COMMENTS = YES;
				CLANG_WARN_EMPTY_BODY = YES;
				CLANG_WARN_ENUM_CONVERSION = YES;
				CLANG_WARN_INFINITE_RECURSION = YES;
				CLANG_WARN_INT_CONVERSION = YES;
				CLANG_WARN_NON_LITERAL_NULL_CONVERSION = YES;
				CLANG_WARN_OBJC_IMPLICIT_RETAIN_SELF = YES;
				CLANG_WARN_OBJC_LITERAL_CONVERSION = YES;
				CLANG_WARN_OBJC_ROOT_CLASS = YES_ERROR;
				CLANG_WARN_QUOTED_INCLUDE_IN_FRAMEWORK_HEADER = YES;
				CLANG_WARN_RANGE_LOOP_ANALYSIS = YES;
				CLANG_WARN_STRICT_PROTOTYPES = YES;
				CLANG_WARN_SUSPICIOUS_MOVE = YES;
				CLANG_WARN_UNGUARDED_AVAILABILITY = YES_AGGRESSIVE;
				CLANG_WARN_UNREACHABLE_CODE = YES;
				CLANG_WARN__DUPLICATE_METHOD_MATCH = YES;
				COPY_PHASE_STRIP = NO;
				DEBUG_INFORMATION_FORMAT = "dwarf-with-dsym";
				ENABLE_NS_ASSERTIONS = NO;
				ENABLE_STRICT_OBJC_MSGSEND = YES;
				GCC_C_LANGUAGE_STANDARD = gnu11;
				GCC_NO_COMMON_BLOCKS = YES;
				GCC_WARN_64_TO_32_BIT_CONVERSION = YES;
				GCC_WARN_ABOUT_RETURN_TYPE = YES_ERROR;
				GCC_WARN_UNDECLARED_SELECTOR = YES;
				GCC_WARN_UNINITIALIZED_AUTOS = YES_AGGRESSIVE;
				GCC_WARN_UNUSED_FUNCTION = YES;
				GCC_WARN_UNUSED_VARIABLE = YES;
				MACOSX_DEPLOYMENT_TARGET = 11.3;
				MTL_ENABLE_DEBUG_INFO = NO;
				MTL_FAST_MATH = YES;
				SDKROOT = macosx;
				SWIFT_COMPILATION_MODE = wholemodule;
				SWIFT_OPTIMIZATION_LEVEL = "-O";
			};
			name = Release;
		};
		82FDD4882946E3E90020F8F0 /* Debug */ = {
			isa = XCBuildConfiguration;
			buildSettings = {
				ASSETCATALOG_COMPILER_APPICON_NAME = AppIcon;
				ASSETCATALOG_COMPILER_GLOBAL_ACCENT_COLOR_NAME = AccentColor;
				CODE_SIGN_ENTITLEMENTS = VoiceOverUtility/VoiceOverUtility.entitlements;
				CODE_SIGN_STYLE = Automatic;
				COMBINE_HIDPI_IMAGES = YES;
				DEVELOPMENT_ASSET_PATHS = "\"VoiceOverUtility/Preview Content\"";
				ENABLE_PREVIEWS = YES;
				INFOPLIST_FILE = VoiceOverUtility/Info.plist;
				LD_RUNPATH_SEARCH_PATHS = (
					"$(inherited)",
					"@executable_path/../Frameworks",
				);
				MACOSX_DEPLOYMENT_TARGET = 11.0;
				PRODUCT_BUNDLE_IDENTIFIER = ZergOnCreep.VoiceOverUtility;
				PRODUCT_NAME = "$(TARGET_NAME)";
				SWIFT_VERSION = 5.0;
			};
			name = Debug;
		};
		82FDD4892946E3E90020F8F0 /* Release */ = {
			isa = XCBuildConfiguration;
			buildSettings = {
				ASSETCATALOG_COMPILER_APPICON_NAME = AppIcon;
				ASSETCATALOG_COMPILER_GLOBAL_ACCENT_COLOR_NAME = AccentColor;
				CODE_SIGN_ENTITLEMENTS = VoiceOverUtility/VoiceOverUtility.entitlements;
				CODE_SIGN_STYLE = Automatic;
				COMBINE_HIDPI_IMAGES = YES;
				DEVELOPMENT_ASSET_PATHS = "\"VoiceOverUtility/Preview Content\"";
				ENABLE_PREVIEWS = YES;
				INFOPLIST_FILE = VoiceOverUtility/Info.plist;
				LD_RUNPATH_SEARCH_PATHS = (
					"$(inherited)",
					"@executable_path/../Frameworks",
				);
				MACOSX_DEPLOYMENT_TARGET = 11.0;
				PRODUCT_BUNDLE_IDENTIFIER = ZergOnCreep.VoiceOverUtility;
				PRODUCT_NAME = "$(TARGET_NAME)";
				SWIFT_VERSION = 5.0;
			};
			name = Release;
		};
		82FDD48B2946E3E90020F8F0 /* Debug */ = {
			isa = XCBuildConfiguration;
			buildSettings = {
				ALWAYS_EMBED_SWIFT_STANDARD_LIBRARIES = YES;
				BUNDLE_LOADER = "$(TEST_HOST)";
				CODE_SIGN_STYLE = Automatic;
				COMBINE_HIDPI_IMAGES = YES;
				INFOPLIST_FILE = VoiceOverUtilityTests/Info.plist;
				LD_RUNPATH_SEARCH_PATHS = (
					"$(inherited)",
					"@executable_path/../Frameworks",
					"@loader_path/../Frameworks",
				);
				MACOSX_DEPLOYMENT_TARGET = 11.0;
				PRODUCT_BUNDLE_IDENTIFIER = ZergOnCreep.VoiceOverUtilityTests;
				PRODUCT_NAME = "$(TARGET_NAME)";
				SWIFT_VERSION = 5.0;
				TEST_HOST = "$(BUILT_PRODUCTS_DIR)/VoiceOverUtility.app/Contents/MacOS/VoiceOverUtility";
			};
			name = Debug;
		};
		82FDD48C2946E3E90020F8F0 /* Release */ = {
			isa = XCBuildConfiguration;
			buildSettings = {
				ALWAYS_EMBED_SWIFT_STANDARD_LIBRARIES = YES;
				BUNDLE_LOADER = "$(TEST_HOST)";
				CODE_SIGN_STYLE = Automatic;
				COMBINE_HIDPI_IMAGES = YES;
				INFOPLIST_FILE = VoiceOverUtilityTests/Info.plist;
				LD_RUNPATH_SEARCH_PATHS = (
					"$(inherited)",
					"@executable_path/../Frameworks",
					"@loader_path/../Frameworks",
				);
				MACOSX_DEPLOYMENT_TARGET = 11.0;
				PRODUCT_BUNDLE_IDENTIFIER = ZergOnCreep.VoiceOverUtilityTests;
				PRODUCT_NAME = "$(TARGET_NAME)";
				SWIFT_VERSION = 5.0;
				TEST_HOST = "$(BUILT_PRODUCTS_DIR)/VoiceOverUtility.app/Contents/MacOS/VoiceOverUtility";
			};
			name = Release;
		};
		82FDD48E2946E3E90020F8F0 /* Debug */ = {
			isa = XCBuildConfiguration;
			buildSettings = {
				ALWAYS_EMBED_SWIFT_STANDARD_LIBRARIES = YES;
				CODE_SIGN_STYLE = Automatic;
				COMBINE_HIDPI_IMAGES = YES;
				INFOPLIST_FILE = VoiceOverUtilityUITests/Info.plist;
				LD_RUNPATH_SEARCH_PATHS = (
					"$(inherited)",
					"@executable_path/../Frameworks",
					"@loader_path/../Frameworks",
				);
				PRODUCT_BUNDLE_IDENTIFIER = ZergOnCreep.VoiceOverUtilityUITests;
				PRODUCT_NAME = "$(TARGET_NAME)";
				SWIFT_VERSION = 5.0;
				TEST_TARGET_NAME = VoiceOverUtility;
			};
			name = Debug;
		};
		82FDD48F2946E3E90020F8F0 /* Release */ = {
			isa = XCBuildConfiguration;
			buildSettings = {
				ALWAYS_EMBED_SWIFT_STANDARD_LIBRARIES = YES;
				CODE_SIGN_STYLE = Automatic;
				COMBINE_HIDPI_IMAGES = YES;
				INFOPLIST_FILE = VoiceOverUtilityUITests/Info.plist;
				LD_RUNPATH_SEARCH_PATHS = (
					"$(inherited)",
					"@executable_path/../Frameworks",
					"@loader_path/../Frameworks",
				);
				PRODUCT_BUNDLE_IDENTIFIER = ZergOnCreep.VoiceOverUtilityUITests;
				PRODUCT_NAME = "$(TARGET_NAME)";
				SWIFT_VERSION = 5.0;
				TEST_TARGET_NAME = VoiceOverUtility;
			};
			name = Release;
		};
/* End XCBuildConfiguration section */

/* Begin XCConfigurationList section */
		82FDD45C2946E3E80020F8F0 /* Build configuration list for PBXProject "VoiceOverUtility" */ = {
			isa = XCConfigurationList;
			buildConfigurations = (
				82FDD4852946E3E90020F8F0 /* Debug */,
				82FDD4862946E3E90020F8F0 /* Release */,
			);
			defaultConfigurationIsVisible = 0;
			defaultConfigurationName = Release;
		};
		82FDD4872946E3E90020F8F0 /* Build configuration list for PBXNativeTarget "VoiceOverUtility" */ = {
			isa = XCConfigurationList;
			buildConfigurations = (
				82FDD4882946E3E90020F8F0 /* Debug */,
				82FDD4892946E3E90020F8F0 /* Release */,
			);
			defaultConfigurationIsVisible = 0;
			defaultConfigurationName = Release;
		};
		82FDD48A2946E3E90020F8F0 /* Build configuration list for PBXNativeTarget "VoiceOverUtilityTests" */ = {
			isa = XCConfigurationList;
			buildConfigurations = (
				82FDD48B2946E3E90020F8F0 /* Debug */,
				82FDD48C2946E3E90020F8F0 /* Release */,
			);
			defaultConfigurationIsVisible = 0;
			defaultConfigurationName = Release;
		};
		82FDD48D2946E3E90020F8F0 /* Build configuration list for PBXNativeTarget "VoiceOverUtilityUITests" */ = {
			isa = XCConfigurationList;
			buildConfigurations = (
				82FDD48E2946E3E90020F8F0 /* Debug */,
				82FDD48F2946E3E90020F8F0 /* Release */,
			);
			defaultConfigurationIsVisible = 0;
			defaultConfigurationName = Release;
		};
/* End XCConfigurationList section */
	};
	rootObject = 82FDD4592946E3E80020F8F0 /* Project object */;
}
